// !$*UTF8*$!
{
	archiveVersion = 1;
	classes = {
	};
	objectVersion = 56;
	objects = {

/* Begin PBXBuildFile section */
		47A699D22A2D89A300BD0617 /* Localizable.strings in Resources */ = {isa = PBXBuildFile; fileRef = 47A699D42A2D89A300BD0617 /* Localizable.strings */; };
		47A699D62A2D8A1600BD0617 /* Localizable.stringsdict in Resources */ = {isa = PBXBuildFile; fileRef = 47A699D82A2D8A1600BD0617 /* Localizable.stringsdict */; };
		47A699DA2A2D8AD200BD0617 /* Awards.json in Resources */ = {isa = PBXBuildFile; fileRef = 47A699DC2A2D8AD200BD0617 /* Awards.json */; };
		47A699DF2A2D97D600BD0617 /* SidebarViewToolbarView.swift in Sources */ = {isa = PBXBuildFile; fileRef = 47A699DE2A2D97D600BD0617 /* SidebarViewToolbarView.swift */; };
		47A699E12A2D99CC00BD0617 /* IssueViewToolbar.swift in Sources */ = {isa = PBXBuildFile; fileRef = 47A699E02A2D99CC00BD0617 /* IssueViewToolbar.swift */; };
		47A699E32A2D9C4800BD0617 /* ContentViewToolbarView.swift in Sources */ = {isa = PBXBuildFile; fileRef = 47A699E22A2D9C4800BD0617 /* ContentViewToolbarView.swift */; };
		47A699E52A2D9DFE00BD0617 /* TagsMenuView.swift in Sources */ = {isa = PBXBuildFile; fileRef = 47A699E42A2D9DFE00BD0617 /* TagsMenuView.swift */; };
		47A699E72A2D9EFD00BD0617 /* SmartFilterRow.swift in Sources */ = {isa = PBXBuildFile; fileRef = 47A699E62A2D9EFD00BD0617 /* SmartFilterRow.swift */; };
		47A699E92A2D9F7600BD0617 /* UserFilterRow.swift in Sources */ = {isa = PBXBuildFile; fileRef = 47A699E82A2D9F7600BD0617 /* UserFilterRow.swift */; };
		47A699F92A2DCB2F00BD0617 /* SwiftUIUltimatePortfolioTests.swift in Sources */ = {isa = PBXBuildFile; fileRef = 47A699F82A2DCB2F00BD0617 /* SwiftUIUltimatePortfolioTests.swift */; };
		47A69A012A2DCE2F00BD0617 /* AssetTests.swift in Sources */ = {isa = PBXBuildFile; fileRef = 47A69A002A2DCE2F00BD0617 /* AssetTests.swift */; };
		47AD25842A2B1D53005AE6A1 /* Bundle-Decodable.swift in Sources */ = {isa = PBXBuildFile; fileRef = 47AD25832A2B1D53005AE6A1 /* Bundle-Decodable.swift */; };
		47AD25872A2B227A005AE6A1 /* Colors.xcassets in Resources */ = {isa = PBXBuildFile; fileRef = 47AD25852A2B227A005AE6A1 /* Colors.xcassets */; };
		47AD258A2A2B2333005AE6A1 /* Award.swift in Sources */ = {isa = PBXBuildFile; fileRef = 47AD25892A2B2333005AE6A1 /* Award.swift */; };
		47AD258C2A2B23ED005AE6A1 /* AwardsView.swift in Sources */ = {isa = PBXBuildFile; fileRef = 47AD258B2A2B23ED005AE6A1 /* AwardsView.swift */; };
		47DAC8222A28879E00519AD7 /* SwiftUIUltimatePortfolioApp.swift in Sources */ = {isa = PBXBuildFile; fileRef = 47DAC8212A28879E00519AD7 /* SwiftUIUltimatePortfolioApp.swift */; };
		47DAC8242A28879E00519AD7 /* ContentView.swift in Sources */ = {isa = PBXBuildFile; fileRef = 47DAC8232A28879E00519AD7 /* ContentView.swift */; };
		47DAC8262A2887A400519AD7 /* Assets.xcassets in Resources */ = {isa = PBXBuildFile; fileRef = 47DAC8252A2887A400519AD7 /* Assets.xcassets */; };
		47DAC82A2A2887A400519AD7 /* Preview Assets.xcassets in Resources */ = {isa = PBXBuildFile; fileRef = 47DAC8292A2887A400519AD7 /* Preview Assets.xcassets */; };
		47DAC8322A2888E200519AD7 /* Main.xcdatamodeld in Sources */ = {isa = PBXBuildFile; fileRef = 47DAC8302A2888E100519AD7 /* Main.xcdatamodeld */; };
		47DAC8342A288DAD00519AD7 /* DataController.swift in Sources */ = {isa = PBXBuildFile; fileRef = 47DAC8332A288DAD00519AD7 /* DataController.swift */; };
		47DAC8372A29E26100519AD7 /* SidebarView.swift in Sources */ = {isa = PBXBuildFile; fileRef = 47DAC8362A29E26100519AD7 /* SidebarView.swift */; };
		47DAC8392A29E26F00519AD7 /* DetailView.swift in Sources */ = {isa = PBXBuildFile; fileRef = 47DAC8382A29E26F00519AD7 /* DetailView.swift */; };
		47DAC83B2A29E3B600519AD7 /* Filter.swift in Sources */ = {isa = PBXBuildFile; fileRef = 47DAC83A2A29E3B600519AD7 /* Filter.swift */; };
		47DAC83D2A29F3F900519AD7 /* Issue-CoreDataHelpers.swift in Sources */ = {isa = PBXBuildFile; fileRef = 47DAC83C2A29F3F900519AD7 /* Issue-CoreDataHelpers.swift */; };
		47DAC83F2A29F7EC00519AD7 /* Tag-CoreDataHelpers.swift in Sources */ = {isa = PBXBuildFile; fileRef = 47DAC83E2A29F7EC00519AD7 /* Tag-CoreDataHelpers.swift */; };
		47DAC8452A2A1CCF00519AD7 /* IssueRow.swift in Sources */ = {isa = PBXBuildFile; fileRef = 47DAC8442A2A1CCF00519AD7 /* IssueRow.swift */; };
		47DAC8472A2A2F2900519AD7 /* IssueView.swift in Sources */ = {isa = PBXBuildFile; fileRef = 47DAC8462A2A2F2900519AD7 /* IssueView.swift */; };
		47DAC8492A2A2F3C00519AD7 /* NoIssueView.swift in Sources */ = {isa = PBXBuildFile; fileRef = 47DAC8482A2A2F3C00519AD7 /* NoIssueView.swift */; };
/* End PBXBuildFile section */

/* Begin PBXContainerItemProxy section */
		47A699FA2A2DCB2F00BD0617 /* PBXContainerItemProxy */ = {
			isa = PBXContainerItemProxy;
			containerPortal = 47DAC8162A28879E00519AD7 /* Project object */;
			proxyType = 1;
			remoteGlobalIDString = 47DAC81D2A28879E00519AD7;
			remoteInfo = SwiftUIUltimatePortfolio;
		};
/* End PBXContainerItemProxy section */

/* Begin PBXFileReference section */
		47A699D32A2D89A300BD0617 /* en */ = {isa = PBXFileReference; lastKnownFileType = text.plist.strings; name = en; path = en.lproj/Localizable.strings; sourceTree = "<group>"; };
		47A699D52A2D89A800BD0617 /* hu */ = {isa = PBXFileReference; lastKnownFileType = text.plist.strings; name = hu; path = hu.lproj/Localizable.strings; sourceTree = "<group>"; };
		47A699D72A2D8A1600BD0617 /* en */ = {isa = PBXFileReference; lastKnownFileType = text.plist.stringsdict; name = en; path = en.lproj/Localizable.stringsdict; sourceTree = "<group>"; };
		47A699D92A2D8A1C00BD0617 /* hu */ = {isa = PBXFileReference; lastKnownFileType = text.plist.stringsdict; name = hu; path = hu.lproj/Localizable.stringsdict; sourceTree = "<group>"; };
		47A699DB2A2D8AD200BD0617 /* en */ = {isa = PBXFileReference; lastKnownFileType = text.json; name = en; path = en.lproj/Awards.json; sourceTree = "<group>"; };
		47A699DD2A2D8AD600BD0617 /* hu */ = {isa = PBXFileReference; lastKnownFileType = text.json; name = hu; path = hu.lproj/Awards.json; sourceTree = "<group>"; };
		47A699DE2A2D97D600BD0617 /* SidebarViewToolbarView.swift */ = {isa = PBXFileReference; lastKnownFileType = sourcecode.swift; path = SidebarViewToolbarView.swift; sourceTree = "<group>"; };
		47A699E02A2D99CC00BD0617 /* IssueViewToolbar.swift */ = {isa = PBXFileReference; lastKnownFileType = sourcecode.swift; path = IssueViewToolbar.swift; sourceTree = "<group>"; };
		47A699E22A2D9C4800BD0617 /* ContentViewToolbarView.swift */ = {isa = PBXFileReference; lastKnownFileType = sourcecode.swift; path = ContentViewToolbarView.swift; sourceTree = "<group>"; };
		47A699E42A2D9DFE00BD0617 /* TagsMenuView.swift */ = {isa = PBXFileReference; lastKnownFileType = sourcecode.swift; path = TagsMenuView.swift; sourceTree = "<group>"; };
		47A699E62A2D9EFD00BD0617 /* SmartFilterRow.swift */ = {isa = PBXFileReference; lastKnownFileType = sourcecode.swift; path = SmartFilterRow.swift; sourceTree = "<group>"; };
		47A699E82A2D9F7600BD0617 /* UserFilterRow.swift */ = {isa = PBXFileReference; lastKnownFileType = sourcecode.swift; path = UserFilterRow.swift; sourceTree = "<group>"; };
		47A699F62A2DCB2F00BD0617 /* SwiftUIUltimatePortfolioTests.xctest */ = {isa = PBXFileReference; explicitFileType = wrapper.cfbundle; includeInIndex = 0; path = SwiftUIUltimatePortfolioTests.xctest; sourceTree = BUILT_PRODUCTS_DIR; };
		47A699F82A2DCB2F00BD0617 /* SwiftUIUltimatePortfolioTests.swift */ = {isa = PBXFileReference; lastKnownFileType = sourcecode.swift; path = SwiftUIUltimatePortfolioTests.swift; sourceTree = "<group>"; };
		47A699FF2A2DCC5B00BD0617 /* SwiftUIUltimatePortfolio.xctestplan */ = {isa = PBXFileReference; lastKnownFileType = text; path = SwiftUIUltimatePortfolio.xctestplan; sourceTree = "<group>"; };
		47A69A002A2DCE2F00BD0617 /* AssetTests.swift */ = {isa = PBXFileReference; lastKnownFileType = sourcecode.swift; path = AssetTests.swift; sourceTree = "<group>"; };
		47AD25832A2B1D53005AE6A1 /* Bundle-Decodable.swift */ = {isa = PBXFileReference; lastKnownFileType = sourcecode.swift; path = "Bundle-Decodable.swift"; sourceTree = "<group>"; };
		47AD25852A2B227A005AE6A1 /* Colors.xcassets */ = {isa = PBXFileReference; lastKnownFileType = folder.assetcatalog; path = Colors.xcassets; sourceTree = "<group>"; };
		47AD25892A2B2333005AE6A1 /* Award.swift */ = {isa = PBXFileReference; lastKnownFileType = sourcecode.swift; path = Award.swift; sourceTree = "<group>"; };
		47AD258B2A2B23ED005AE6A1 /* AwardsView.swift */ = {isa = PBXFileReference; lastKnownFileType = sourcecode.swift; path = AwardsView.swift; sourceTree = "<group>"; };
		47DAC81E2A28879E00519AD7 /* SwiftUIUltimatePortfolio.app */ = {isa = PBXFileReference; explicitFileType = wrapper.application; includeInIndex = 0; path = SwiftUIUltimatePortfolio.app; sourceTree = BUILT_PRODUCTS_DIR; };
		47DAC8212A28879E00519AD7 /* SwiftUIUltimatePortfolioApp.swift */ = {isa = PBXFileReference; lastKnownFileType = sourcecode.swift; path = SwiftUIUltimatePortfolioApp.swift; sourceTree = "<group>"; };
		47DAC8232A28879E00519AD7 /* ContentView.swift */ = {isa = PBXFileReference; lastKnownFileType = sourcecode.swift; path = ContentView.swift; sourceTree = "<group>"; };
		47DAC8252A2887A400519AD7 /* Assets.xcassets */ = {isa = PBXFileReference; lastKnownFileType = folder.assetcatalog; path = Assets.xcassets; sourceTree = "<group>"; };
		47DAC8272A2887A400519AD7 /* SwiftUIUltimatePortfolio.entitlements */ = {isa = PBXFileReference; lastKnownFileType = text.plist.entitlements; path = SwiftUIUltimatePortfolio.entitlements; sourceTree = "<group>"; };
		47DAC8292A2887A400519AD7 /* Preview Assets.xcassets */ = {isa = PBXFileReference; lastKnownFileType = folder.assetcatalog; path = "Preview Assets.xcassets"; sourceTree = "<group>"; };
		47DAC8312A2888E200519AD7 /* Main.xcdatamodel */ = {isa = PBXFileReference; lastKnownFileType = wrapper.xcdatamodel; path = Main.xcdatamodel; sourceTree = "<group>"; };
		47DAC8332A288DAD00519AD7 /* DataController.swift */ = {isa = PBXFileReference; lastKnownFileType = sourcecode.swift; path = DataController.swift; sourceTree = "<group>"; };
		47DAC8352A29E11300519AD7 /* Info.plist */ = {isa = PBXFileReference; lastKnownFileType = text.plist.xml; path = Info.plist; sourceTree = "<group>"; };
		47DAC8362A29E26100519AD7 /* SidebarView.swift */ = {isa = PBXFileReference; lastKnownFileType = sourcecode.swift; path = SidebarView.swift; sourceTree = "<group>"; };
		47DAC8382A29E26F00519AD7 /* DetailView.swift */ = {isa = PBXFileReference; lastKnownFileType = sourcecode.swift; path = DetailView.swift; sourceTree = "<group>"; };
		47DAC83A2A29E3B600519AD7 /* Filter.swift */ = {isa = PBXFileReference; lastKnownFileType = sourcecode.swift; path = Filter.swift; sourceTree = "<group>"; };
		47DAC83C2A29F3F900519AD7 /* Issue-CoreDataHelpers.swift */ = {isa = PBXFileReference; lastKnownFileType = sourcecode.swift; path = "Issue-CoreDataHelpers.swift"; sourceTree = "<group>"; };
		47DAC83E2A29F7EC00519AD7 /* Tag-CoreDataHelpers.swift */ = {isa = PBXFileReference; lastKnownFileType = sourcecode.swift; path = "Tag-CoreDataHelpers.swift"; sourceTree = "<group>"; };
		47DAC8442A2A1CCF00519AD7 /* IssueRow.swift */ = {isa = PBXFileReference; lastKnownFileType = sourcecode.swift; path = IssueRow.swift; sourceTree = "<group>"; };
		47DAC8462A2A2F2900519AD7 /* IssueView.swift */ = {isa = PBXFileReference; lastKnownFileType = sourcecode.swift; path = IssueView.swift; sourceTree = "<group>"; };
		47DAC8482A2A2F3C00519AD7 /* NoIssueView.swift */ = {isa = PBXFileReference; lastKnownFileType = sourcecode.swift; path = NoIssueView.swift; sourceTree = "<group>"; };
/* End PBXFileReference section */

/* Begin PBXFrameworksBuildPhase section */
		47A699F32A2DCB2F00BD0617 /* Frameworks */ = {
			isa = PBXFrameworksBuildPhase;
			buildActionMask = 2147483647;
			files = (
			);
			runOnlyForDeploymentPostprocessing = 0;
		};
		47DAC81B2A28879E00519AD7 /* Frameworks */ = {
			isa = PBXFrameworksBuildPhase;
			buildActionMask = 2147483647;
			files = (
			);
			runOnlyForDeploymentPostprocessing = 0;
		};
/* End PBXFrameworksBuildPhase section */

/* Begin PBXGroup section */
		47A699EC2A2DC08C00BD0617 /* Models */ = {
			isa = PBXGroup;
			children = (
				47AD25892A2B2333005AE6A1 /* Award.swift */,
				47DAC83A2A29E3B600519AD7 /* Filter.swift */,
				47DAC83C2A29F3F900519AD7 /* Issue-CoreDataHelpers.swift */,
				47DAC83E2A29F7EC00519AD7 /* Tag-CoreDataHelpers.swift */,
			);
			path = Models;
			sourceTree = "<group>";
		};
		47A699ED2A2DC09400BD0617 /* Views */ = {
			isa = PBXGroup;
			children = (
				47AD258B2A2B23ED005AE6A1 /* AwardsView.swift */,
				47DAC8232A28879E00519AD7 /* ContentView.swift */,
				47A699E22A2D9C4800BD0617 /* ContentViewToolbarView.swift */,
				47DAC8362A29E26100519AD7 /* SidebarView.swift */,
				47A699DE2A2D97D600BD0617 /* SidebarViewToolbarView.swift */,
				47A699E82A2D9F7600BD0617 /* UserFilterRow.swift */,
				47A699E62A2D9EFD00BD0617 /* SmartFilterRow.swift */,
				47DAC8482A2A2F3C00519AD7 /* NoIssueView.swift */,
				47DAC8462A2A2F2900519AD7 /* IssueView.swift */,
				47A699E02A2D99CC00BD0617 /* IssueViewToolbar.swift */,
				47DAC8442A2A1CCF00519AD7 /* IssueRow.swift */,
				47DAC8382A29E26F00519AD7 /* DetailView.swift */,
				47A699E42A2D9DFE00BD0617 /* TagsMenuView.swift */,
			);
			path = Views;
			sourceTree = "<group>";
		};
		47A699EE2A2DC09B00BD0617 /* Controllers */ = {
			isa = PBXGroup;
			children = (
				47DAC8332A288DAD00519AD7 /* DataController.swift */,
			);
			path = Controllers;
			sourceTree = "<group>";
		};
		47A699EF2A2DC12D00BD0617 /* Extensions */ = {
			isa = PBXGroup;
			children = (
				47AD25832A2B1D53005AE6A1 /* Bundle-Decodable.swift */,
			);
			path = Extensions;
			sourceTree = "<group>";
		};
		47A699F02A2DC13900BD0617 /* Localization */ = {
			isa = PBXGroup;
			children = (
				47A699DC2A2D8AD200BD0617 /* Awards.json */,
				47A699D42A2D89A300BD0617 /* Localizable.strings */,
				47A699D82A2D8A1600BD0617 /* Localizable.stringsdict */,
			);
			path = Localization;
			sourceTree = "<group>";
		};
		47A699F12A2DC14A00BD0617 /* Configuration */ = {
			isa = PBXGroup;
			children = (
				47DAC8352A29E11300519AD7 /* Info.plist */,
				47DAC8302A2888E100519AD7 /* Main.xcdatamodeld */,
				47DAC8272A2887A400519AD7 /* SwiftUIUltimatePortfolio.entitlements */,
			);
			path = Configuration;
			sourceTree = "<group>";
		};
		47A699F72A2DCB2F00BD0617 /* SwiftUIUltimatePortfolioTests */ = {
			isa = PBXGroup;
			children = (
				47A699FF2A2DCC5B00BD0617 /* SwiftUIUltimatePortfolio.xctestplan */,
				47A699F82A2DCB2F00BD0617 /* SwiftUIUltimatePortfolioTests.swift */,
				47A69A002A2DCE2F00BD0617 /* AssetTests.swift */,
			);
			path = SwiftUIUltimatePortfolioTests;
			sourceTree = "<group>";
		};
		47DAC8152A28879E00519AD7 = {
			isa = PBXGroup;
			children = (
				47DAC8202A28879E00519AD7 /* SwiftUIUltimatePortfolio */,
				47A699F72A2DCB2F00BD0617 /* SwiftUIUltimatePortfolioTests */,
				47DAC81F2A28879E00519AD7 /* Products */,
			);
			sourceTree = "<group>";
		};
		47DAC81F2A28879E00519AD7 /* Products */ = {
			isa = PBXGroup;
			children = (
				47DAC81E2A28879E00519AD7 /* SwiftUIUltimatePortfolio.app */,
				47A699F62A2DCB2F00BD0617 /* SwiftUIUltimatePortfolioTests.xctest */,
			);
			name = Products;
			sourceTree = "<group>";
		};
		47DAC8202A28879E00519AD7 /* SwiftUIUltimatePortfolio */ = {
			isa = PBXGroup;
			children = (
				47A699EC2A2DC08C00BD0617 /* Models */,
				47A699ED2A2DC09400BD0617 /* Views */,
				47A699EE2A2DC09B00BD0617 /* Controllers */,
				47A699F12A2DC14A00BD0617 /* Configuration */,
				47A699EF2A2DC12D00BD0617 /* Extensions */,
				47A699F02A2DC13900BD0617 /* Localization */,
				47DAC8212A28879E00519AD7 /* SwiftUIUltimatePortfolioApp.swift */,
				47DAC8252A2887A400519AD7 /* Assets.xcassets */,
				47AD25852A2B227A005AE6A1 /* Colors.xcassets */,
				47DAC8282A2887A400519AD7 /* Preview Content */,
			);
			path = SwiftUIUltimatePortfolio;
			sourceTree = "<group>";
		};
		47DAC8282A2887A400519AD7 /* Preview Content */ = {
			isa = PBXGroup;
			children = (
				47DAC8292A2887A400519AD7 /* Preview Assets.xcassets */,
			);
			path = "Preview Content";
			sourceTree = "<group>";
		};
/* End PBXGroup section */

/* Begin PBXNativeTarget section */
		47A699F52A2DCB2F00BD0617 /* SwiftUIUltimatePortfolioTests */ = {
			isa = PBXNativeTarget;
			buildConfigurationList = 47A699FC2A2DCB2F00BD0617 /* Build configuration list for PBXNativeTarget "SwiftUIUltimatePortfolioTests" */;
			buildPhases = (
				47A699F22A2DCB2F00BD0617 /* Sources */,
				47A699F32A2DCB2F00BD0617 /* Frameworks */,
				47A699F42A2DCB2F00BD0617 /* Resources */,
			);
			buildRules = (
			);
			dependencies = (
				47A699FB2A2DCB2F00BD0617 /* PBXTargetDependency */,
			);
			name = SwiftUIUltimatePortfolioTests;
			productName = SwiftUIUltimatePortfolioTests;
			productReference = 47A699F62A2DCB2F00BD0617 /* SwiftUIUltimatePortfolioTests.xctest */;
			productType = "com.apple.product-type.bundle.unit-test";
		};
		47DAC81D2A28879E00519AD7 /* SwiftUIUltimatePortfolio */ = {
			isa = PBXNativeTarget;
			buildConfigurationList = 47DAC82D2A2887A400519AD7 /* Build configuration list for PBXNativeTarget "SwiftUIUltimatePortfolio" */;
			buildPhases = (
				47DAC81A2A28879E00519AD7 /* Sources */,
				47DAC81B2A28879E00519AD7 /* Frameworks */,
				47DAC81C2A28879E00519AD7 /* Resources */,
				47A699EA2A2DB51400BD0617 /* SwiftLint */,
			);
			buildRules = (
			);
			dependencies = (
			);
			name = SwiftUIUltimatePortfolio;
			productName = SwiftUIUltimatePortfolio;
			productReference = 47DAC81E2A28879E00519AD7 /* SwiftUIUltimatePortfolio.app */;
			productType = "com.apple.product-type.application";
		};
/* End PBXNativeTarget section */

/* Begin PBXProject section */
		47DAC8162A28879E00519AD7 /* Project object */ = {
			isa = PBXProject;
			attributes = {
				BuildIndependentTargetsInParallel = 1;
				LastSwiftUpdateCheck = 1430;
				LastUpgradeCheck = 1430;
				TargetAttributes = {
					47A699F52A2DCB2F00BD0617 = {
						CreatedOnToolsVersion = 14.3;
						TestTargetID = 47DAC81D2A28879E00519AD7;
					};
					47DAC81D2A28879E00519AD7 = {
						CreatedOnToolsVersion = 14.3;
					};
				};
			};
			buildConfigurationList = 47DAC8192A28879E00519AD7 /* Build configuration list for PBXProject "SwiftUIUltimatePortfolio" */;
			compatibilityVersion = "Xcode 14.0";
			developmentRegion = en;
			hasScannedForEncodings = 0;
			knownRegions = (
				en,
				Base,
				hu,
			);
			mainGroup = 47DAC8152A28879E00519AD7;
			productRefGroup = 47DAC81F2A28879E00519AD7 /* Products */;
			projectDirPath = "";
			projectRoot = "";
			targets = (
				47DAC81D2A28879E00519AD7 /* SwiftUIUltimatePortfolio */,
				47A699F52A2DCB2F00BD0617 /* SwiftUIUltimatePortfolioTests */,
			);
		};
/* End PBXProject section */

/* Begin PBXResourcesBuildPhase section */
		47A699F42A2DCB2F00BD0617 /* Resources */ = {
			isa = PBXResourcesBuildPhase;
			buildActionMask = 2147483647;
			files = (
			);
			runOnlyForDeploymentPostprocessing = 0;
		};
		47DAC81C2A28879E00519AD7 /* Resources */ = {
			isa = PBXResourcesBuildPhase;
			buildActionMask = 2147483647;
			files = (
				47AD25872A2B227A005AE6A1 /* Colors.xcassets in Resources */,
				47A699D22A2D89A300BD0617 /* Localizable.strings in Resources */,
				47A699DA2A2D8AD200BD0617 /* Awards.json in Resources */,
				47DAC82A2A2887A400519AD7 /* Preview Assets.xcassets in Resources */,
				47DAC8262A2887A400519AD7 /* Assets.xcassets in Resources */,
				47A699D62A2D8A1600BD0617 /* Localizable.stringsdict in Resources */,
			);
			runOnlyForDeploymentPostprocessing = 0;
		};
/* End PBXResourcesBuildPhase section */

/* Begin PBXShellScriptBuildPhase section */
		47A699EA2A2DB51400BD0617 /* SwiftLint */ = {
			isa = PBXShellScriptBuildPhase;
			alwaysOutOfDate = 1;
			buildActionMask = 2147483647;
			files = (
			);
			inputFileListPaths = (
			);
			inputPaths = (
			);
			name = SwiftLint;
			outputFileListPaths = (
			);
			outputPaths = (
			);
			runOnlyForDeploymentPostprocessing = 0;
			shellPath = /bin/sh;
			shellScript = "if [[ \"$(uname -m)\" == arm64 ]]; then\n    export PATH=\"/opt/homebrew/bin:$PATH\"\nfi\n\nif which swiftlint > /dev/null; then\n  swiftlint\nelse\n  echo \"warning: SwiftLint not installed, download from https://github.com/realm/SwiftLint\"\nfi\n";
		};
/* End PBXShellScriptBuildPhase section */

/* Begin PBXSourcesBuildPhase section */
		47A699F22A2DCB2F00BD0617 /* Sources */ = {
			isa = PBXSourcesBuildPhase;
			buildActionMask = 2147483647;
			files = (
				47A69A012A2DCE2F00BD0617 /* AssetTests.swift in Sources */,
				47A699F92A2DCB2F00BD0617 /* SwiftUIUltimatePortfolioTests.swift in Sources */,
			);
			runOnlyForDeploymentPostprocessing = 0;
		};
		47DAC81A2A28879E00519AD7 /* Sources */ = {
			isa = PBXSourcesBuildPhase;
			buildActionMask = 2147483647;
			files = (
				47DAC83B2A29E3B600519AD7 /* Filter.swift in Sources */,
				47A699E52A2D9DFE00BD0617 /* TagsMenuView.swift in Sources */,
				47AD258C2A2B23ED005AE6A1 /* AwardsView.swift in Sources */,
				47A699E12A2D99CC00BD0617 /* IssueViewToolbar.swift in Sources */,
				47A699E72A2D9EFD00BD0617 /* SmartFilterRow.swift in Sources */,
				47AD258A2A2B2333005AE6A1 /* Award.swift in Sources */,
				47DAC83F2A29F7EC00519AD7 /* Tag-CoreDataHelpers.swift in Sources */,
				47DAC8322A2888E200519AD7 /* Main.xcdatamodeld in Sources */,
				47DAC83D2A29F3F900519AD7 /* Issue-CoreDataHelpers.swift in Sources */,
				47AD25842A2B1D53005AE6A1 /* Bundle-Decodable.swift in Sources */,
				47DAC8392A29E26F00519AD7 /* DetailView.swift in Sources */,
				47DAC8342A288DAD00519AD7 /* DataController.swift in Sources */,
				47DAC8372A29E26100519AD7 /* SidebarView.swift in Sources */,
				47A699DF2A2D97D600BD0617 /* SidebarViewToolbarView.swift in Sources */,
				47DAC8242A28879E00519AD7 /* ContentView.swift in Sources */,
				47A699E32A2D9C4800BD0617 /* ContentViewToolbarView.swift in Sources */,
				47DAC8472A2A2F2900519AD7 /* IssueView.swift in Sources */,
				47A699E92A2D9F7600BD0617 /* UserFilterRow.swift in Sources */,
				47DAC8492A2A2F3C00519AD7 /* NoIssueView.swift in Sources */,
				47DAC8452A2A1CCF00519AD7 /* IssueRow.swift in Sources */,
				47DAC8222A28879E00519AD7 /* SwiftUIUltimatePortfolioApp.swift in Sources */,
			);
			runOnlyForDeploymentPostprocessing = 0;
		};
/* End PBXSourcesBuildPhase section */

/* Begin PBXTargetDependency section */
		47A699FB2A2DCB2F00BD0617 /* PBXTargetDependency */ = {
			isa = PBXTargetDependency;
			target = 47DAC81D2A28879E00519AD7 /* SwiftUIUltimatePortfolio */;
			targetProxy = 47A699FA2A2DCB2F00BD0617 /* PBXContainerItemProxy */;
		};
/* End PBXTargetDependency section */

/* Begin PBXVariantGroup section */
		47A699D42A2D89A300BD0617 /* Localizable.strings */ = {
			isa = PBXVariantGroup;
			children = (
				47A699D32A2D89A300BD0617 /* en */,
				47A699D52A2D89A800BD0617 /* hu */,
			);
			name = Localizable.strings;
			sourceTree = "<group>";
		};
		47A699D82A2D8A1600BD0617 /* Localizable.stringsdict */ = {
			isa = PBXVariantGroup;
			children = (
				47A699D72A2D8A1600BD0617 /* en */,
				47A699D92A2D8A1C00BD0617 /* hu */,
			);
			name = Localizable.stringsdict;
			sourceTree = "<group>";
		};
		47A699DC2A2D8AD200BD0617 /* Awards.json */ = {
			isa = PBXVariantGroup;
			children = (
				47A699DB2A2D8AD200BD0617 /* en */,
				47A699DD2A2D8AD600BD0617 /* hu */,
			);
			name = Awards.json;
			sourceTree = "<group>";
		};
/* End PBXVariantGroup section */

/* Begin XCBuildConfiguration section */
		47A699FD2A2DCB2F00BD0617 /* Debug */ = {
			isa = XCBuildConfiguration;
			buildSettings = {
				BUNDLE_LOADER = "$(TEST_HOST)";
				CODE_SIGN_STYLE = Automatic;
				CURRENT_PROJECT_VERSION = 1;
				DEVELOPMENT_TEAM = 4GS9DYRR67;
				GENERATE_INFOPLIST_FILE = YES;
				IPHONEOS_DEPLOYMENT_TARGET = 16.4;
				MARKETING_VERSION = 1.0;
				PRODUCT_BUNDLE_IDENTIFIER = com.superglowww.SwiftUIUltimatePortfolioTests;
				PRODUCT_NAME = "$(TARGET_NAME)";
				SDKROOT = iphoneos;
				SWIFT_EMIT_LOC_STRINGS = NO;
				SWIFT_VERSION = 5.0;
				TARGETED_DEVICE_FAMILY = "1,2";
				TEST_HOST = "$(BUILT_PRODUCTS_DIR)/SwiftUIUltimatePortfolio.app/$(BUNDLE_EXECUTABLE_FOLDER_PATH)/SwiftUIUltimatePortfolio";
			};
			name = Debug;
		};
		47A699FE2A2DCB2F00BD0617 /* Release */ = {
			isa = XCBuildConfiguration;
			buildSettings = {
				BUNDLE_LOADER = "$(TEST_HOST)";
				CODE_SIGN_STYLE = Automatic;
				CURRENT_PROJECT_VERSION = 1;
				DEVELOPMENT_TEAM = 4GS9DYRR67;
				GENERATE_INFOPLIST_FILE = YES;
				IPHONEOS_DEPLOYMENT_TARGET = 16.4;
				MARKETING_VERSION = 1.0;
				PRODUCT_BUNDLE_IDENTIFIER = com.superglowww.SwiftUIUltimatePortfolioTests;
				PRODUCT_NAME = "$(TARGET_NAME)";
				SDKROOT = iphoneos;
				SWIFT_EMIT_LOC_STRINGS = NO;
				SWIFT_VERSION = 5.0;
				TARGETED_DEVICE_FAMILY = "1,2";
				TEST_HOST = "$(BUILT_PRODUCTS_DIR)/SwiftUIUltimatePortfolio.app/$(BUNDLE_EXECUTABLE_FOLDER_PATH)/SwiftUIUltimatePortfolio";
				VALIDATE_PRODUCT = YES;
			};
			name = Release;
		};
		47DAC82B2A2887A400519AD7 /* Debug */ = {
			isa = XCBuildConfiguration;
			buildSettings = {
				ALWAYS_SEARCH_USER_PATHS = NO;
				CLANG_ANALYZER_NONNULL = YES;
				CLANG_ANALYZER_NUMBER_OBJECT_CONVERSION = YES_AGGRESSIVE;
				CLANG_CXX_LANGUAGE_STANDARD = "gnu++20";
				CLANG_ENABLE_MODULES = YES;
				CLANG_ENABLE_OBJC_ARC = YES;
				CLANG_ENABLE_OBJC_WEAK = YES;
				CLANG_WARN_BLOCK_CAPTURE_AUTORELEASING = YES;
				CLANG_WARN_BOOL_CONVERSION = YES;
				CLANG_WARN_COMMA = YES;
				CLANG_WARN_CONSTANT_CONVERSION = YES;
				CLANG_WARN_DEPRECATED_OBJC_IMPLEMENTATIONS = YES;
				CLANG_WARN_DIRECT_OBJC_ISA_USAGE = YES_ERROR;
				CLANG_WARN_DOCUMENTATION_COMMENTS = YES;
				CLANG_WARN_EMPTY_BODY = YES;
				CLANG_WARN_ENUM_CONVERSION = YES;
				CLANG_WARN_INFINITE_RECURSION = YES;
				CLANG_WARN_INT_CONVERSION = YES;
				CLANG_WARN_NON_LITERAL_NULL_CONVERSION = YES;
				CLANG_WARN_OBJC_IMPLICIT_RETAIN_SELF = YES;
				CLANG_WARN_OBJC_LITERAL_CONVERSION = YES;
				CLANG_WARN_OBJC_ROOT_CLASS = YES_ERROR;
				CLANG_WARN_QUOTED_INCLUDE_IN_FRAMEWORK_HEADER = YES;
				CLANG_WARN_RANGE_LOOP_ANALYSIS = YES;
				CLANG_WARN_STRICT_PROTOTYPES = YES;
				CLANG_WARN_SUSPICIOUS_MOVE = YES;
				CLANG_WARN_UNGUARDED_AVAILABILITY = YES_AGGRESSIVE;
				CLANG_WARN_UNREACHABLE_CODE = YES;
				CLANG_WARN__DUPLICATE_METHOD_MATCH = YES;
				COPY_PHASE_STRIP = NO;
				DEBUG_INFORMATION_FORMAT = dwarf;
				ENABLE_STRICT_OBJC_MSGSEND = YES;
				ENABLE_TESTABILITY = YES;
				GCC_C_LANGUAGE_STANDARD = gnu11;
				GCC_DYNAMIC_NO_PIC = NO;
				GCC_NO_COMMON_BLOCKS = YES;
				GCC_OPTIMIZATION_LEVEL = 0;
				GCC_PREPROCESSOR_DEFINITIONS = (
					"DEBUG=1",
					"$(inherited)",
				);
				GCC_WARN_64_TO_32_BIT_CONVERSION = YES;
				GCC_WARN_ABOUT_RETURN_TYPE = YES_ERROR;
				GCC_WARN_UNDECLARED_SELECTOR = YES;
				GCC_WARN_UNINITIALIZED_AUTOS = YES_AGGRESSIVE;
				GCC_WARN_UNUSED_FUNCTION = YES;
				GCC_WARN_UNUSED_VARIABLE = YES;
				MTL_ENABLE_DEBUG_INFO = INCLUDE_SOURCE;
				MTL_FAST_MATH = YES;
				ONLY_ACTIVE_ARCH = YES;
				SWIFT_ACTIVE_COMPILATION_CONDITIONS = DEBUG;
				SWIFT_OPTIMIZATION_LEVEL = "-Onone";
			};
			name = Debug;
		};
		47DAC82C2A2887A400519AD7 /* Release */ = {
			isa = XCBuildConfiguration;
			buildSettings = {
				ALWAYS_SEARCH_USER_PATHS = NO;
				CLANG_ANALYZER_NONNULL = YES;
				CLANG_ANALYZER_NUMBER_OBJECT_CONVERSION = YES_AGGRESSIVE;
				CLANG_CXX_LANGUAGE_STANDARD = "gnu++20";
				CLANG_ENABLE_MODULES = YES;
				CLANG_ENABLE_OBJC_ARC = YES;
				CLANG_ENABLE_OBJC_WEAK = YES;
				CLANG_WARN_BLOCK_CAPTURE_AUTORELEASING = YES;
				CLANG_WARN_BOOL_CONVERSION = YES;
				CLANG_WARN_COMMA = YES;
				CLANG_WARN_CONSTANT_CONVERSION = YES;
				CLANG_WARN_DEPRECATED_OBJC_IMPLEMENTATIONS = YES;
				CLANG_WARN_DIRECT_OBJC_ISA_USAGE = YES_ERROR;
				CLANG_WARN_DOCUMENTATION_COMMENTS = YES;
				CLANG_WARN_EMPTY_BODY = YES;
				CLANG_WARN_ENUM_CONVERSION = YES;
				CLANG_WARN_INFINITE_RECURSION = YES;
				CLANG_WARN_INT_CONVERSION = YES;
				CLANG_WARN_NON_LITERAL_NULL_CONVERSION = YES;
				CLANG_WARN_OBJC_IMPLICIT_RETAIN_SELF = YES;
				CLANG_WARN_OBJC_LITERAL_CONVERSION = YES;
				CLANG_WARN_OBJC_ROOT_CLASS = YES_ERROR;
				CLANG_WARN_QUOTED_INCLUDE_IN_FRAMEWORK_HEADER = YES;
				CLANG_WARN_RANGE_LOOP_ANALYSIS = YES;
				CLANG_WARN_STRICT_PROTOTYPES = YES;
				CLANG_WARN_SUSPICIOUS_MOVE = YES;
				CLANG_WARN_UNGUARDED_AVAILABILITY = YES_AGGRESSIVE;
				CLANG_WARN_UNREACHABLE_CODE = YES;
				CLANG_WARN__DUPLICATE_METHOD_MATCH = YES;
				COPY_PHASE_STRIP = NO;
				DEBUG_INFORMATION_FORMAT = "dwarf-with-dsym";
				ENABLE_NS_ASSERTIONS = NO;
				ENABLE_STRICT_OBJC_MSGSEND = YES;
				GCC_C_LANGUAGE_STANDARD = gnu11;
				GCC_NO_COMMON_BLOCKS = YES;
				GCC_WARN_64_TO_32_BIT_CONVERSION = YES;
				GCC_WARN_ABOUT_RETURN_TYPE = YES_ERROR;
				GCC_WARN_UNDECLARED_SELECTOR = YES;
				GCC_WARN_UNINITIALIZED_AUTOS = YES_AGGRESSIVE;
				GCC_WARN_UNUSED_FUNCTION = YES;
				GCC_WARN_UNUSED_VARIABLE = YES;
				MTL_ENABLE_DEBUG_INFO = NO;
				MTL_FAST_MATH = YES;
				SWIFT_COMPILATION_MODE = wholemodule;
				SWIFT_OPTIMIZATION_LEVEL = "-O";
			};
			name = Release;
		};
		47DAC82E2A2887A400519AD7 /* Debug */ = {
			isa = XCBuildConfiguration;
			buildSettings = {
				ASSETCATALOG_COMPILER_APPICON_NAME = AppIcon;
				ASSETCATALOG_COMPILER_GLOBAL_ACCENT_COLOR_NAME = AccentColor;
				CODE_SIGN_ENTITLEMENTS = SwiftUIUltimatePortfolio/Configuration/SwiftUIUltimatePortfolio.entitlements;
				CODE_SIGN_STYLE = Automatic;
				CURRENT_PROJECT_VERSION = 1;
				DEVELOPMENT_ASSET_PATHS = "\"SwiftUIUltimatePortfolio/Preview Content\"";
				DEVELOPMENT_TEAM = 4GS9DYRR67;
				ENABLE_HARDENED_RUNTIME = YES;
				ENABLE_PREVIEWS = YES;
				GENERATE_INFOPLIST_FILE = YES;
				INFOPLIST_FILE = SwiftUIUltimatePortfolio/Configuration/Info.plist;
				"INFOPLIST_KEY_UIApplicationSceneManifest_Generation[sdk=iphoneos*]" = YES;
				"INFOPLIST_KEY_UIApplicationSceneManifest_Generation[sdk=iphonesimulator*]" = YES;
				"INFOPLIST_KEY_UIApplicationSupportsIndirectInputEvents[sdk=iphoneos*]" = YES;
				"INFOPLIST_KEY_UIApplicationSupportsIndirectInputEvents[sdk=iphonesimulator*]" = YES;
				"INFOPLIST_KEY_UILaunchScreen_Generation[sdk=iphoneos*]" = YES;
				"INFOPLIST_KEY_UILaunchScreen_Generation[sdk=iphonesimulator*]" = YES;
				"INFOPLIST_KEY_UIStatusBarStyle[sdk=iphoneos*]" = UIStatusBarStyleDefault;
				"INFOPLIST_KEY_UIStatusBarStyle[sdk=iphonesimulator*]" = UIStatusBarStyleDefault;
				INFOPLIST_KEY_UISupportedInterfaceOrientations_iPad = "UIInterfaceOrientationPortrait UIInterfaceOrientationPortraitUpsideDown UIInterfaceOrientationLandscapeLeft UIInterfaceOrientationLandscapeRight";
				INFOPLIST_KEY_UISupportedInterfaceOrientations_iPhone = "UIInterfaceOrientationPortrait UIInterfaceOrientationLandscapeLeft UIInterfaceOrientationLandscapeRight";
				IPHONEOS_DEPLOYMENT_TARGET = 16.4;
				LD_RUNPATH_SEARCH_PATHS = "@executable_path/Frameworks";
				"LD_RUNPATH_SEARCH_PATHS[sdk=macosx*]" = "@executable_path/../Frameworks";
				MACOSX_DEPLOYMENT_TARGET = 13.3;
				MARKETING_VERSION = 1.0;
				PRODUCT_BUNDLE_IDENTIFIER = com.superglowww.SwiftUIUltimatePortfolio;
				PRODUCT_NAME = "$(TARGET_NAME)";
				SDKROOT = auto;
				SUPPORTED_PLATFORMS = "iphoneos iphonesimulator macosx";
				SWIFT_EMIT_LOC_STRINGS = YES;
				SWIFT_VERSION = 5.0;
				TARGETED_DEVICE_FAMILY = "1,2";
			};
			name = Debug;
		};
		47DAC82F2A2887A400519AD7 /* Release */ = {
			isa = XCBuildConfiguration;
			buildSettings = {
				ASSETCATALOG_COMPILER_APPICON_NAME = AppIcon;
				ASSETCATALOG_COMPILER_GLOBAL_ACCENT_COLOR_NAME = AccentColor;
				CODE_SIGN_ENTITLEMENTS = SwiftUIUltimatePortfolio/Configuration/SwiftUIUltimatePortfolio.entitlements;
				CODE_SIGN_STYLE = Automatic;
				CURRENT_PROJECT_VERSION = 1;
				DEVELOPMENT_ASSET_PATHS = "\"SwiftUIUltimatePortfolio/Preview Content\"";
				DEVELOPMENT_TEAM = 4GS9DYRR67;
				ENABLE_HARDENED_RUNTIME = YES;
				ENABLE_PREVIEWS = YES;
				GENERATE_INFOPLIST_FILE = YES;
				INFOPLIST_FILE = SwiftUIUltimatePortfolio/Configuration/Info.plist;
				"INFOPLIST_KEY_UIApplicationSceneManifest_Generation[sdk=iphoneos*]" = YES;
				"INFOPLIST_KEY_UIApplicationSceneManifest_Generation[sdk=iphonesimulator*]" = YES;
				"INFOPLIST_KEY_UIApplicationSupportsIndirectInputEvents[sdk=iphoneos*]" = YES;
				"INFOPLIST_KEY_UIApplicationSupportsIndirectInputEvents[sdk=iphonesimulator*]" = YES;
				"INFOPLIST_KEY_UILaunchScreen_Generation[sdk=iphoneos*]" = YES;
				"INFOPLIST_KEY_UILaunchScreen_Generation[sdk=iphonesimulator*]" = YES;
				"INFOPLIST_KEY_UIStatusBarStyle[sdk=iphoneos*]" = UIStatusBarStyleDefault;
				"INFOPLIST_KEY_UIStatusBarStyle[sdk=iphonesimulator*]" = UIStatusBarStyleDefault;
				INFOPLIST_KEY_UISupportedInterfaceOrientations_iPad = "UIInterfaceOrientationPortrait UIInterfaceOrientationPortraitUpsideDown UIInterfaceOrientationLandscapeLeft UIInterfaceOrientationLandscapeRight";
				INFOPLIST_KEY_UISupportedInterfaceOrientations_iPhone = "UIInterfaceOrientationPortrait UIInterfaceOrientationLandscapeLeft UIInterfaceOrientationLandscapeRight";
				IPHONEOS_DEPLOYMENT_TARGET = 16.4;
				LD_RUNPATH_SEARCH_PATHS = "@executable_path/Frameworks";
				"LD_RUNPATH_SEARCH_PATHS[sdk=macosx*]" = "@executable_path/../Frameworks";
				MACOSX_DEPLOYMENT_TARGET = 13.3;
				MARKETING_VERSION = 1.0;
				PRODUCT_BUNDLE_IDENTIFIER = com.superglowww.SwiftUIUltimatePortfolio;
				PRODUCT_NAME = "$(TARGET_NAME)";
				SDKROOT = auto;
				SUPPORTED_PLATFORMS = "iphoneos iphonesimulator macosx";
				SWIFT_EMIT_LOC_STRINGS = YES;
				SWIFT_VERSION = 5.0;
				TARGETED_DEVICE_FAMILY = "1,2";
			};
			name = Release;
		};
/* End XCBuildConfiguration section */

/* Begin XCConfigurationList section */
		47A699FC2A2DCB2F00BD0617 /* Build configuration list for PBXNativeTarget "SwiftUIUltimatePortfolioTests" */ = {
			isa = XCConfigurationList;
			buildConfigurations = (
				47A699FD2A2DCB2F00BD0617 /* Debug */,
				47A699FE2A2DCB2F00BD0617 /* Release */,
			);
			defaultConfigurationIsVisible = 0;
			defaultConfigurationName = Release;
		};
		47DAC8192A28879E00519AD7 /* Build configuration list for PBXProject "SwiftUIUltimatePortfolio" */ = {
			isa = XCConfigurationList;
			buildConfigurations = (
				47DAC82B2A2887A400519AD7 /* Debug */,
				47DAC82C2A2887A400519AD7 /* Release */,
			);
			defaultConfigurationIsVisible = 0;
			defaultConfigurationName = Release;
		};
		47DAC82D2A2887A400519AD7 /* Build configuration list for PBXNativeTarget "SwiftUIUltimatePortfolio" */ = {
			isa = XCConfigurationList;
			buildConfigurations = (
				47DAC82E2A2887A400519AD7 /* Debug */,
				47DAC82F2A2887A400519AD7 /* Release */,
			);
			defaultConfigurationIsVisible = 0;
			defaultConfigurationName = Release;
		};
/* End XCConfigurationList section */

/* Begin XCVersionGroup section */
		47DAC8302A2888E100519AD7 /* Main.xcdatamodeld */ = {
			isa = XCVersionGroup;
			children = (
				47DAC8312A2888E200519AD7 /* Main.xcdatamodel */,
			);
			currentVersion = 47DAC8312A2888E200519AD7 /* Main.xcdatamodel */;
			path = Main.xcdatamodeld;
			sourceTree = "<group>";
			versionGroupType = wrapper.xcdatamodel;
		};
/* End XCVersionGroup section */
	};
	rootObject = 47DAC8162A28879E00519AD7 /* Project object */;
}
